
Microsoft Visual Studio Solution File, Format Version 12.00
Project("{FAE04EC0-301F-11D3-BF4B-00C04F79EFBC}") = "NNImage", "NNImage.csproj", "{846AD13B-3E21-4B95-96F8-C3D1578B448D}"
EndProject
Global
	GlobalSection(SolutionConfigurationPlatforms) = preSolution
		Debug|Any CPU = Debug|Any CPU
		Release|Any CPU = Release|Any CPU
	EndGlobalSection
	GlobalSection(ProjectConfigurationPlatforms) = postSolution
		{846AD13B-3E21-4B95-96F8-C3D1578B448D}.Debug|Any CPU.ActiveCfg = Debug|Any CPU
		{846AD13B-3E21-4B95-96F8-C3D1578B448D}.Debug|Any CPU.Build.0 = Debug|Any CPU
		{846AD13B-3E21-4B95-96F8-C3D1578B448D}.Release|Any CPU.ActiveCfg = Release|Any CPU
		{846AD13B-3E21-4B95-96F8-C3D1578B448D}.Release|Any CPU.Build.0 = Release|Any CPU
	EndGlobalSection
EndGlobal
